
Microsoft Visual Studio Solution File, Format Version 12.00
# Visual Studio Version 17
VisualStudioVersion = 17.6.33829.357
MinimumVisualStudioVersion = 10.0.40219.1
Project("{FAE04EC0-301F-11D3-BF4B-00C04F79EFBC}") = "HTTP Listener", "Network Practic http\HTTP Listener.csproj", "{192E0474-E9DC-4DD9-80E3-8633CA303BC7}"
EndProject
Project("{FAE04EC0-301F-11D3-BF4B-00C04F79EFBC}") = "HTTP Client", "HTTP Client\HTTP Client.csproj", "{3B40E417-73FD-4BF9-A0CD-686C64B26A1B}"
EndProject
Global
	GlobalSection(SolutionConfigurationPlatforms) = preSolution
		Debug|Any CPU = Debug|Any CPU
		Release|Any CPU = Release|Any CPU
	EndGlobalSection
	GlobalSection(ProjectConfigurationPlatforms) = postSolution
		{192E0474-E9DC-4DD9-80E3-8633CA303BC7}.Debug|Any CPU.ActiveCfg = Debug|Any CPU
		{192E0474-E9DC-4DD9-80E3-8633CA303BC7}.Debug|Any CPU.Build.0 = Debug|Any CPU
		{192E0474-E9DC-4DD9-80E3-8633CA303BC7}.Release|Any CPU.ActiveCfg = Release|Any CPU
		{192E0474-E9DC-4DD9-80E3-8633CA303BC7}.Release|Any CPU.Build.0 = Release|Any CPU
		{3B40E417-73FD-4BF9-A0CD-686C64B26A1B}.Debug|Any CPU.ActiveCfg = Debug|Any CPU
		{3B40E417-73FD-4BF9-A0CD-686C64B26A1B}.Debug|Any CPU.Build.0 = Debug|Any CPU
		{3B40E417-73FD-4BF9-A0CD-686C64B26A1B}.Release|Any CPU.ActiveCfg = Release|Any CPU
		{3B40E417-73FD-4BF9-A0CD-686C64B26A1B}.Release|Any CPU.Build.0 = Release|Any CPU
	EndGlobalSection
	GlobalSection(SolutionProperties) = preSolution
		HideSolutionNode = FALSE
	EndGlobalSection
	GlobalSection(ExtensibilityGlobals) = postSolution
		SolutionGuid = {8B3EDB9C-9390-4823-8D8E-DCE1FC03BF80}
	EndGlobalSection
EndGlobal
